// !$*UTF8*$!
{
	archiveVersion = 1;
	classes = {
	};
	objectVersion = 51;
	objects = {

/* Begin PBXBuildFile section */
		509201A8260B8A2500B1BF1A /* UIImage+Extension.swift in Sources */ = {isa = PBXBuildFile; fileRef = 509201A7260B8A2400B1BF1A /* UIImage+Extension.swift */; };
		509DD9D725D14F0F00D7C743 /* AppDelegate.swift in Sources */ = {isa = PBXBuildFile; fileRef = 509DD9D625D14F0F00D7C743 /* AppDelegate.swift */; };
		509DD9D925D14F0F00D7C743 /* SceneDelegate.swift in Sources */ = {isa = PBXBuildFile; fileRef = 509DD9D825D14F0F00D7C743 /* SceneDelegate.swift */; };
		509DD9DB25D14F0F00D7C743 /* MainTableViewController.swift in Sources */ = {isa = PBXBuildFile; fileRef = 509DD9DA25D14F0F00D7C743 /* MainTableViewController.swift */; };
		509DD9E025D14F1200D7C743 /* Assets.xcassets in Resources */ = {isa = PBXBuildFile; fileRef = 509DD9DF25D14F1200D7C743 /* Assets.xcassets */; };
		509DD9E325D14F1200D7C743 /* LaunchScreen.storyboard in Resources */ = {isa = PBXBuildFile; fileRef = 509DD9E125D14F1200D7C743 /* LaunchScreen.storyboard */; };
		509DD9EF25D1502E00D7C743 /* WeatherModel.swift in Sources */ = {isa = PBXBuildFile; fileRef = 509DD9EE25D1502E00D7C743 /* WeatherModel.swift */; };
		509DD9F425D164C900D7C743 /* Storage.swift in Sources */ = {isa = PBXBuildFile; fileRef = 509DD9F325D164C900D7C743 /* Storage.swift */; };
		509DD9F725D167C400D7C743 /* NetworkManager.swift in Sources */ = {isa = PBXBuildFile; fileRef = 509DD9F625D167C400D7C743 /* NetworkManager.swift */; };
		509DD9FD25D1736700D7C743 /* MainTableViewCell.swift in Sources */ = {isa = PBXBuildFile; fileRef = 509DD9FC25D1736700D7C743 /* MainTableViewCell.swift */; };
		509DDA0625D22FFC00D7C743 /* UILabel+AppStyle.swift in Sources */ = {isa = PBXBuildFile; fileRef = 509DDA0525D22FFB00D7C743 /* UILabel+AppStyle.swift */; };
		509DDA0B25D2C96200D7C743 /* DetailsViewController.swift in Sources */ = {isa = PBXBuildFile; fileRef = 509DDA0A25D2C96100D7C743 /* DetailsViewController.swift */; };
		509DDA1825D38CF200D7C743 /* ForecastHoursCollectionViewCell.swift in Sources */ = {isa = PBXBuildFile; fileRef = 509DDA1725D38CF200D7C743 /* ForecastHoursCollectionViewCell.swift */; };
		509DDA1E25D431B700D7C743 /* ActivityIndicator.swift in Sources */ = {isa = PBXBuildFile; fileRef = 509DDA1D25D431B600D7C743 /* ActivityIndicator.swift */; };
		50D58AFE25FF046C00BB8FB2 /* UIViewNotificationExtension.swift in Sources */ = {isa = PBXBuildFile; fileRef = 50D58AFD25FF046C00BB8FB2 /* UIViewNotificationExtension.swift */; };
		50D58B0125FF090F00BB8FB2 /* UIView+Extension.swift in Sources */ = {isa = PBXBuildFile; fileRef = 50D58B0025FF090F00BB8FB2 /* UIView+Extension.swift */; };
		50D58B0925FF465400BB8FB2 /* MainTableViewViewModel.swift in Sources */ = {isa = PBXBuildFile; fileRef = 50D58B0825FF465400BB8FB2 /* MainTableViewViewModel.swift */; };
		5B4240FB310F410C295E9123 /* Pods_YaWeather.framework in Frameworks */ = {isa = PBXBuildFile; fileRef = 8F4ACFE6ED67D7A275884748 /* Pods_YaWeather.framework */; };
/* End PBXBuildFile section */

/* Begin PBXCopyFilesBuildPhase section */
		507336A626005029006E81BE /* Embed App Extensions */ = {
			isa = PBXCopyFilesBuildPhase;
			buildActionMask = 2147483647;
			dstPath = "";
			dstSubfolderSpec = 13;
			files = (
			);
			name = "Embed App Extensions";
			runOnlyForDeploymentPostprocessing = 0;
		};
/* End PBXCopyFilesBuildPhase section */

/* Begin PBXFileReference section */
		352C7593D13EDB65BAE13997 /* Pods-YaWeather.release.xcconfig */ = {isa = PBXFileReference; includeInIndex = 1; lastKnownFileType = text.xcconfig; name = "Pods-YaWeather.release.xcconfig"; path = "Target Support Files/Pods-YaWeather/Pods-YaWeather.release.xcconfig"; sourceTree = "<group>"; };
		5073369626005026006E81BE /* WidgetKit.framework */ = {isa = PBXFileReference; lastKnownFileType = wrapper.framework; name = WidgetKit.framework; path = System/Library/Frameworks/WidgetKit.framework; sourceTree = SDKROOT; };
		5073369826005026006E81BE /* SwiftUI.framework */ = {isa = PBXFileReference; lastKnownFileType = wrapper.framework; name = SwiftUI.framework; path = System/Library/Frameworks/SwiftUI.framework; sourceTree = SDKROOT; };
		509201A7260B8A2400B1BF1A /* UIImage+Extension.swift */ = {isa = PBXFileReference; lastKnownFileType = sourcecode.swift; path = "UIImage+Extension.swift"; sourceTree = "<group>"; };
		509DD9D325D14F0F00D7C743 /* YaWeather.app */ = {isa = PBXFileReference; explicitFileType = wrapper.application; includeInIndex = 0; path = YaWeather.app; sourceTree = BUILT_PRODUCTS_DIR; };
		509DD9D625D14F0F00D7C743 /* AppDelegate.swift */ = {isa = PBXFileReference; lastKnownFileType = sourcecode.swift; path = AppDelegate.swift; sourceTree = "<group>"; };
		509DD9D825D14F0F00D7C743 /* SceneDelegate.swift */ = {isa = PBXFileReference; lastKnownFileType = sourcecode.swift; path = SceneDelegate.swift; sourceTree = "<group>"; };
		509DD9DA25D14F0F00D7C743 /* MainTableViewController.swift */ = {isa = PBXFileReference; lastKnownFileType = sourcecode.swift; path = MainTableViewController.swift; sourceTree = "<group>"; };
		509DD9DF25D14F1200D7C743 /* Assets.xcassets */ = {isa = PBXFileReference; lastKnownFileType = folder.assetcatalog; path = Assets.xcassets; sourceTree = "<group>"; };
		509DD9E225D14F1200D7C743 /* Base */ = {isa = PBXFileReference; lastKnownFileType = file.storyboard; name = Base; path = Base.lproj/LaunchScreen.storyboard; sourceTree = "<group>"; };
		509DD9E425D14F1200D7C743 /* Info.plist */ = {isa = PBXFileReference; lastKnownFileType = text.plist.xml; path = Info.plist; sourceTree = "<group>"; };
		509DD9EE25D1502E00D7C743 /* WeatherModel.swift */ = {isa = PBXFileReference; lastKnownFileType = sourcecode.swift; path = WeatherModel.swift; sourceTree = "<group>"; };
		509DD9F325D164C900D7C743 /* Storage.swift */ = {isa = PBXFileReference; lastKnownFileType = sourcecode.swift; path = Storage.swift; sourceTree = "<group>"; };
		509DD9F625D167C400D7C743 /* NetworkManager.swift */ = {isa = PBXFileReference; lastKnownFileType = sourcecode.swift; path = NetworkManager.swift; sourceTree = "<group>"; };
		509DD9FC25D1736700D7C743 /* MainTableViewCell.swift */ = {isa = PBXFileReference; lastKnownFileType = sourcecode.swift; path = MainTableViewCell.swift; sourceTree = "<group>"; };
		509DDA0525D22FFB00D7C743 /* UILabel+AppStyle.swift */ = {isa = PBXFileReference; lastKnownFileType = sourcecode.swift; path = "UILabel+AppStyle.swift"; sourceTree = "<group>"; };
		509DDA0A25D2C96100D7C743 /* DetailsViewController.swift */ = {isa = PBXFileReference; lastKnownFileType = sourcecode.swift; path = DetailsViewController.swift; sourceTree = "<group>"; };
		509DDA1725D38CF200D7C743 /* ForecastHoursCollectionViewCell.swift */ = {isa = PBXFileReference; lastKnownFileType = sourcecode.swift; path = ForecastHoursCollectionViewCell.swift; sourceTree = "<group>"; };
		509DDA1D25D431B600D7C743 /* ActivityIndicator.swift */ = {isa = PBXFileReference; lastKnownFileType = sourcecode.swift; path = ActivityIndicator.swift; sourceTree = "<group>"; };
		50D58AFD25FF046C00BB8FB2 /* UIViewNotificationExtension.swift */ = {isa = PBXFileReference; lastKnownFileType = sourcecode.swift; path = UIViewNotificationExtension.swift; sourceTree = "<group>"; };
		50D58B0025FF090F00BB8FB2 /* UIView+Extension.swift */ = {isa = PBXFileReference; lastKnownFileType = sourcecode.swift; path = "UIView+Extension.swift"; sourceTree = "<group>"; };
		50D58B0825FF465400BB8FB2 /* MainTableViewViewModel.swift */ = {isa = PBXFileReference; lastKnownFileType = sourcecode.swift; path = MainTableViewViewModel.swift; sourceTree = "<group>"; };
		7C2907750006875F87D41EAB /* Pods-YaWeather.debug.xcconfig */ = {isa = PBXFileReference; includeInIndex = 1; lastKnownFileType = text.xcconfig; name = "Pods-YaWeather.debug.xcconfig"; path = "Target Support Files/Pods-YaWeather/Pods-YaWeather.debug.xcconfig"; sourceTree = "<group>"; };
		8F4ACFE6ED67D7A275884748 /* Pods_YaWeather.framework */ = {isa = PBXFileReference; explicitFileType = wrapper.framework; includeInIndex = 0; path = Pods_YaWeather.framework; sourceTree = BUILT_PRODUCTS_DIR; };
/* End PBXFileReference section */

/* Begin PBXFrameworksBuildPhase section */
		509DD9D025D14F0F00D7C743 /* Frameworks */ = {
			isa = PBXFrameworksBuildPhase;
			buildActionMask = 2147483647;
			files = (
				5B4240FB310F410C295E9123 /* Pods_YaWeather.framework in Frameworks */,
			);
			runOnlyForDeploymentPostprocessing = 0;
		};
/* End PBXFrameworksBuildPhase section */

/* Begin PBXGroup section */
		509DD9CA25D14F0F00D7C743 = {
			isa = PBXGroup;
			children = (
				509DD9D525D14F0F00D7C743 /* YaWeather */,
				509DD9D425D14F0F00D7C743 /* Products */,
				AB223401D2D34BAFA1CFB4E5 /* Pods */,
				7B57FD3B2204B7E0E90EF9D2 /* Frameworks */,
			);
			sourceTree = "<group>";
		};
		509DD9D425D14F0F00D7C743 /* Products */ = {
			isa = PBXGroup;
			children = (
				509DD9D325D14F0F00D7C743 /* YaWeather.app */,
			);
			name = Products;
			sourceTree = "<group>";
		};
		509DD9D525D14F0F00D7C743 /* YaWeather */ = {
			isa = PBXGroup;
			children = (
				509DD9F625D167C400D7C743 /* NetworkManager.swift */,
				509DD9F325D164C900D7C743 /* Storage.swift */,
				509DDA1225D38C9700D7C743 /* MainView */,
				509DDA1425D38CA700D7C743 /* DetailView */,
				509DD9F125D1648400D7C743 /* Model */,
				50D58B0325FF16CA00BB8FB2 /* Helpers */,
				509DD9D825D14F0F00D7C743 /* SceneDelegate.swift */,
				509DD9D625D14F0F00D7C743 /* AppDelegate.swift */,
				509DD9E125D14F1200D7C743 /* LaunchScreen.storyboard */,
				509DD9DF25D14F1200D7C743 /* Assets.xcassets */,
				509DD9E425D14F1200D7C743 /* Info.plist */,
			);
			path = YaWeather;
			sourceTree = "<group>";
		};
		509DD9F125D1648400D7C743 /* Model */ = {
			isa = PBXGroup;
			children = (
				509DD9EE25D1502E00D7C743 /* WeatherModel.swift */,
			);
			path = Model;
			sourceTree = "<group>";
		};
		509DDA1225D38C9700D7C743 /* MainView */ = {
			isa = PBXGroup;
			children = (
				509DD9DA25D14F0F00D7C743 /* MainTableViewController.swift */,
				50D58B0825FF465400BB8FB2 /* MainTableViewViewModel.swift */,
				509DD9FC25D1736700D7C743 /* MainTableViewCell.swift */,
				509DDA1D25D431B600D7C743 /* ActivityIndicator.swift */,
			);
			path = MainView;
			sourceTree = "<group>";
		};
		509DDA1425D38CA700D7C743 /* DetailView */ = {
			isa = PBXGroup;
			children = (
				509DDA0A25D2C96100D7C743 /* DetailsViewController.swift */,
				509DDA1725D38CF200D7C743 /* ForecastHoursCollectionViewCell.swift */,
			);
			path = DetailView;
			sourceTree = "<group>";
		};
		50D58B0325FF16CA00BB8FB2 /* Helpers */ = {
			isa = PBXGroup;
			children = (
				509DDA0525D22FFB00D7C743 /* UILabel+AppStyle.swift */,
				50D58AFD25FF046C00BB8FB2 /* UIViewNotificationExtension.swift */,
				50D58B0025FF090F00BB8FB2 /* UIView+Extension.swift */,
				509201A7260B8A2400B1BF1A /* UIImage+Extension.swift */,
			);
			path = Helpers;
			sourceTree = "<group>";
		};
		7B57FD3B2204B7E0E90EF9D2 /* Frameworks */ = {
			isa = PBXGroup;
			children = (
				8F4ACFE6ED67D7A275884748 /* Pods_YaWeather.framework */,
				5073369626005026006E81BE /* WidgetKit.framework */,
				5073369826005026006E81BE /* SwiftUI.framework */,
			);
			name = Frameworks;
			sourceTree = "<group>";
		};
		AB223401D2D34BAFA1CFB4E5 /* Pods */ = {
			isa = PBXGroup;
			children = (
				7C2907750006875F87D41EAB /* Pods-YaWeather.debug.xcconfig */,
				352C7593D13EDB65BAE13997 /* Pods-YaWeather.release.xcconfig */,
			);
			path = Pods;
			sourceTree = "<group>";
		};
/* End PBXGroup section */

/* Begin PBXNativeTarget section */
		509DD9D225D14F0F00D7C743 /* YaWeather */ = {
			isa = PBXNativeTarget;
			buildConfigurationList = 509DD9E725D14F1200D7C743 /* Build configuration list for PBXNativeTarget "YaWeather" */;
			buildPhases = (
				3AF850A48A46BE4A9EA254AC /* [CP] Check Pods Manifest.lock */,
				509DD9CF25D14F0F00D7C743 /* Sources */,
				509DD9D025D14F0F00D7C743 /* Frameworks */,
				509DD9D125D14F0F00D7C743 /* Resources */,
				10C4E80DEBEEC73A70F43A42 /* [CP] Embed Pods Frameworks */,
				507336A626005029006E81BE /* Embed App Extensions */,
			);
			buildRules = (
			);
			dependencies = (
			);
			name = YaWeather;
			productName = YaWeather;
			productReference = 509DD9D325D14F0F00D7C743 /* YaWeather.app */;
			productType = "com.apple.product-type.application";
		};
/* End PBXNativeTarget section */

/* Begin PBXProject section */
		509DD9CB25D14F0F00D7C743 /* Project object */ = {
			isa = PBXProject;
			attributes = {
				LastSwiftUpdateCheck = 1220;
				LastUpgradeCheck = 1220;
				TargetAttributes = {
					509DD9D225D14F0F00D7C743 = {
						CreatedOnToolsVersion = 12.2;
					};
				};
			};
			buildConfigurationList = 509DD9CE25D14F0F00D7C743 /* Build configuration list for PBXProject "YaWeather" */;
			compatibilityVersion = "Xcode 9.3";
			developmentRegion = en;
			hasScannedForEncodings = 0;
			knownRegions = (
				en,
				Base,
			);
			mainGroup = 509DD9CA25D14F0F00D7C743;
			productRefGroup = 509DD9D425D14F0F00D7C743 /* Products */;
			projectDirPath = "";
			projectRoot = "";
			targets = (
				509DD9D225D14F0F00D7C743 /* YaWeather */,
			);
		};
/* End PBXProject section */

/* Begin PBXResourcesBuildPhase section */
		509DD9D125D14F0F00D7C743 /* Resources */ = {
			isa = PBXResourcesBuildPhase;
			buildActionMask = 2147483647;
			files = (
				509DD9E325D14F1200D7C743 /* LaunchScreen.storyboard in Resources */,
				509DD9E025D14F1200D7C743 /* Assets.xcassets in Resources */,
			);
			runOnlyForDeploymentPostprocessing = 0;
		};
/* End PBXResourcesBuildPhase section */

/* Begin PBXShellScriptBuildPhase section */
		10C4E80DEBEEC73A70F43A42 /* [CP] Embed Pods Frameworks */ = {
			isa = PBXShellScriptBuildPhase;
			buildActionMask = 2147483647;
			files = (
			);
			inputFileListPaths = (
				"${PODS_ROOT}/Target Support Files/Pods-YaWeather/Pods-YaWeather-frameworks-${CONFIGURATION}-input-files.xcfilelist",
			);
			name = "[CP] Embed Pods Frameworks";
			outputFileListPaths = (
				"${PODS_ROOT}/Target Support Files/Pods-YaWeather/Pods-YaWeather-frameworks-${CONFIGURATION}-output-files.xcfilelist",
			);
			runOnlyForDeploymentPostprocessing = 0;
			shellPath = /bin/sh;
			shellScript = "\"${PODS_ROOT}/Target Support Files/Pods-YaWeather/Pods-YaWeather-frameworks.sh\"\n";
			showEnvVarsInLog = 0;
		};
		3AF850A48A46BE4A9EA254AC /* [CP] Check Pods Manifest.lock */ = {
			isa = PBXShellScriptBuildPhase;
			buildActionMask = 2147483647;
			files = (
			);
			inputFileListPaths = (
			);
			inputPaths = (
				"${PODS_PODFILE_DIR_PATH}/Podfile.lock",
				"${PODS_ROOT}/Manifest.lock",
			);
			name = "[CP] Check Pods Manifest.lock";
			outputFileListPaths = (
			);
			outputPaths = (
				"$(DERIVED_FILE_DIR)/Pods-YaWeather-checkManifestLockResult.txt",
			);
			runOnlyForDeploymentPostprocessing = 0;
			shellPath = /bin/sh;
			shellScript = "diff \"${PODS_PODFILE_DIR_PATH}/Podfile.lock\" \"${PODS_ROOT}/Manifest.lock\" > /dev/null\nif [ $? != 0 ] ; then\n    # print error to STDERR\n    echo \"error: The sandbox is not in sync with the Podfile.lock. Run 'pod install' or update your CocoaPods installation.\" >&2\n    exit 1\nfi\n# This output is used by Xcode 'outputs' to avoid re-running this script phase.\necho \"SUCCESS\" > \"${SCRIPT_OUTPUT_FILE_0}\"\n";
			showEnvVarsInLog = 0;
		};
/* End PBXShellScriptBuildPhase section */

/* Begin PBXSourcesBuildPhase section */
		509DD9CF25D14F0F00D7C743 /* Sources */ = {
			isa = PBXSourcesBuildPhase;
			buildActionMask = 2147483647;
			files = (
				509DD9F725D167C400D7C743 /* NetworkManager.swift in Sources */,
				50D58B0125FF090F00BB8FB2 /* UIView+Extension.swift in Sources */,
				509DD9DB25D14F0F00D7C743 /* MainTableViewController.swift in Sources */,
				509DDA0B25D2C96200D7C743 /* DetailsViewController.swift in Sources */,
				509DD9D725D14F0F00D7C743 /* AppDelegate.swift in Sources */,
				509DD9FD25D1736700D7C743 /* MainTableViewCell.swift in Sources */,
				509DDA1E25D431B700D7C743 /* ActivityIndicator.swift in Sources */,
				509DDA1825D38CF200D7C743 /* ForecastHoursCollectionViewCell.swift in Sources */,
				509DDA0625D22FFC00D7C743 /* UILabel+AppStyle.swift in Sources */,
				50D58B0925FF465400BB8FB2 /* MainTableViewViewModel.swift in Sources */,
				509DD9EF25D1502E00D7C743 /* WeatherModel.swift in Sources */,
				509DD9D925D14F0F00D7C743 /* SceneDelegate.swift in Sources */,
				509201A8260B8A2500B1BF1A /* UIImage+Extension.swift in Sources */,
				509DD9F425D164C900D7C743 /* Storage.swift in Sources */,
				50D58AFE25FF046C00BB8FB2 /* UIViewNotificationExtension.swift in Sources */,
			);
			runOnlyForDeploymentPostprocessing = 0;
		};
/* End PBXSourcesBuildPhase section */

/* Begin PBXVariantGroup section */
		509DD9E125D14F1200D7C743 /* LaunchScreen.storyboard */ = {
			isa = PBXVariantGroup;
			children = (
				509DD9E225D14F1200D7C743 /* Base */,
			);
			name = LaunchScreen.storyboard;
			sourceTree = "<group>";
		};
/* End PBXVariantGroup section */

/* Begin XCBuildConfiguration section */
		509DD9E525D14F1200D7C743 /* Debug */ = {
			isa = XCBuildConfiguration;
			buildSettings = {
				ALWAYS_SEARCH_USER_PATHS = NO;
				CLANG_ANALYZER_NONNULL = YES;
				CLANG_ANALYZER_NUMBER_OBJECT_CONVERSION = YES_AGGRESSIVE;
				CLANG_CXX_LANGUAGE_STANDARD = "gnu++14";
				CLANG_CXX_LIBRARY = "libc++";
				CLANG_ENABLE_MODULES = YES;
				CLANG_ENABLE_OBJC_ARC = YES;
				CLANG_ENABLE_OBJC_WEAK = YES;
				CLANG_WARN_BLOCK_CAPTURE_AUTORELEASING = YES;
				CLANG_WARN_BOOL_CONVERSION = YES;
				CLANG_WARN_COMMA = YES;
				CLANG_WARN_CONSTANT_CONVERSION = YES;
				CLANG_WARN_DEPRECATED_OBJC_IMPLEMENTATIONS = YES;
				CLANG_WARN_DIRECT_OBJC_ISA_USAGE = YES_ERROR;
				CLANG_WARN_DOCUMENTATION_COMMENTS = YES;
				CLANG_WARN_EMPTY_BODY = YES;
				CLANG_WARN_ENUM_CONVERSION = YES;
				CLANG_WARN_INFINITE_RECURSION = YES;
				CLANG_WARN_INT_CONVERSION = YES;
				CLANG_WARN_NON_LITERAL_NULL_CONVERSION = YES;
				CLANG_WARN_OBJC_IMPLICIT_RETAIN_SELF = YES;
				CLANG_WARN_OBJC_LITERAL_CONVERSION = YES;
				CLANG_WARN_OBJC_ROOT_CLASS = YES_ERROR;
				CLANG_WARN_QUOTED_INCLUDE_IN_FRAMEWORK_HEADER = YES;
				CLANG_WARN_RANGE_LOOP_ANALYSIS = YES;
				CLANG_WARN_STRICT_PROTOTYPES = YES;
				CLANG_WARN_SUSPICIOUS_MOVE = YES;
				CLANG_WARN_UNGUARDED_AVAILABILITY = YES_AGGRESSIVE;
				CLANG_WARN_UNREACHABLE_CODE = YES;
				CLANG_WARN__DUPLICATE_METHOD_MATCH = YES;
				COPY_PHASE_STRIP = NO;
				DEBUG_INFORMATION_FORMAT = dwarf;
				ENABLE_STRICT_OBJC_MSGSEND = YES;
				ENABLE_TESTABILITY = YES;
				GCC_C_LANGUAGE_STANDARD = gnu11;
				GCC_DYNAMIC_NO_PIC = NO;
				GCC_NO_COMMON_BLOCKS = YES;
				GCC_OPTIMIZATION_LEVEL = 0;
				GCC_PREPROCESSOR_DEFINITIONS = (
					"DEBUG=1",
					"$(inherited)",
				);
				GCC_WARN_64_TO_32_BIT_CONVERSION = YES;
				GCC_WARN_ABOUT_RETURN_TYPE = YES_ERROR;
				GCC_WARN_UNDECLARED_SELECTOR = YES;
				GCC_WARN_UNINITIALIZED_AUTOS = YES_AGGRESSIVE;
				GCC_WARN_UNUSED_FUNCTION = YES;
				GCC_WARN_UNUSED_VARIABLE = YES;
				IPHONEOS_DEPLOYMENT_TARGET = 14.2;
				MTL_ENABLE_DEBUG_INFO = INCLUDE_SOURCE;
				MTL_FAST_MATH = YES;
				ONLY_ACTIVE_ARCH = YES;
				SDKROOT = iphoneos;
				SWIFT_ACTIVE_COMPILATION_CONDITIONS = DEBUG;
				SWIFT_OPTIMIZATION_LEVEL = "-Onone";
			};
			name = Debug;
		};
		509DD9E625D14F1200D7C743 /* Release */ = {
			isa = XCBuildConfiguration;
			buildSettings = {
				ALWAYS_SEARCH_USER_PATHS = NO;
				CLANG_ANALYZER_NONNULL = YES;
				CLANG_ANALYZER_NUMBER_OBJECT_CONVERSION = YES_AGGRESSIVE;
				CLANG_CXX_LANGUAGE_STANDARD = "gnu++14";
				CLANG_CXX_LIBRARY = "libc++";
				CLANG_ENABLE_MODULES = YES;
				CLANG_ENABLE_OBJC_ARC = YES;
				CLANG_ENABLE_OBJC_WEAK = YES;
				CLANG_WARN_BLOCK_CAPTURE_AUTORELEASING = YES;
				CLANG_WARN_BOOL_CONVERSION = YES;
				CLANG_WARN_COMMA = YES;
				CLANG_WARN_CONSTANT_CONVERSION = YES;
				CLANG_WARN_DEPRECATED_OBJC_IMPLEMENTATIONS = YES;
				CLANG_WARN_DIRECT_OBJC_ISA_USAGE = YES_ERROR;
				CLANG_WARN_DOCUMENTATION_COMMENTS = YES;
				CLANG_WARN_EMPTY_BODY = YES;
				CLANG_WARN_ENUM_CONVERSION = YES;
				CLANG_WARN_INFINITE_RECURSION = YES;
				CLANG_WARN_INT_CONVERSION = YES;
				CLANG_WARN_NON_LITERAL_NULL_CONVERSION = YES;
				CLANG_WARN_OBJC_IMPLICIT_RETAIN_SELF = YES;
				CLANG_WARN_OBJC_LITERAL_CONVERSION = YES;
				CLANG_WARN_OBJC_ROOT_CLASS = YES_ERROR;
				CLANG_WARN_QUOTED_INCLUDE_IN_FRAMEWORK_HEADER = YES;
				CLANG_WARN_RANGE_LOOP_ANALYSIS = YES;
				CLANG_WARN_STRICT_PROTOTYPES = YES;
				CLANG_WARN_SUSPICIOUS_MOVE = YES;
				CLANG_WARN_UNGUARDED_AVAILABILITY = YES_AGGRESSIVE;
				CLANG_WARN_UNREACHABLE_CODE = YES;
				CLANG_WARN__DUPLICATE_METHOD_MATCH = YES;
				COPY_PHASE_STRIP = NO;
				DEBUG_INFORMATION_FORMAT = "dwarf-with-dsym";
				ENABLE_NS_ASSERTIONS = NO;
				ENABLE_STRICT_OBJC_MSGSEND = YES;
				GCC_C_LANGUAGE_STANDARD = gnu11;
				GCC_NO_COMMON_BLOCKS = YES;
				GCC_WARN_64_TO_32_BIT_CONVERSION = YES;
				GCC_WARN_ABOUT_RETURN_TYPE = YES_ERROR;
				GCC_WARN_UNDECLARED_SELECTOR = YES;
				GCC_WARN_UNINITIALIZED_AUTOS = YES_AGGRESSIVE;
				GCC_WARN_UNUSED_FUNCTION = YES;
				GCC_WARN_UNUSED_VARIABLE = YES;
				IPHONEOS_DEPLOYMENT_TARGET = 14.2;
				MTL_ENABLE_DEBUG_INFO = NO;
				MTL_FAST_MATH = YES;
				SDKROOT = iphoneos;
				SWIFT_COMPILATION_MODE = wholemodule;
				SWIFT_OPTIMIZATION_LEVEL = "-O";
				VALIDATE_PRODUCT = YES;
			};
			name = Release;
		};
		509DD9E825D14F1200D7C743 /* Debug */ = {
			isa = XCBuildConfiguration;
			baseConfigurationReference = 7C2907750006875F87D41EAB /* Pods-YaWeather.debug.xcconfig */;
			buildSettings = {
				ASSETCATALOG_COMPILER_APPICON_NAME = AppIcon;
				ASSETCATALOG_COMPILER_GLOBAL_ACCENT_COLOR_NAME = AccentColor;
				CODE_SIGN_STYLE = Automatic;
				DEVELOPMENT_TEAM = 3P9KGAPYFK;
				INFOPLIST_FILE = YaWeather/Info.plist;
				LD_RUNPATH_SEARCH_PATHS = (
					"$(inherited)",
					"@executable_path/Frameworks",
				);
				PRODUCT_BUNDLE_IDENTIFIER = com.alextddc.YaWeather;
				PRODUCT_NAME = "$(TARGET_NAME)";
				SWIFT_VERSION = 5.0;
				TARGETED_DEVICE_FAMILY = 1;
			};
			name = Debug;
		};
		509DD9E925D14F1200D7C743 /* Release */ = {
			isa = XCBuildConfiguration;
			baseConfigurationReference = 352C7593D13EDB65BAE13997 /* Pods-YaWeather.release.xcconfig */;
			buildSettings = {
				ASSETCATALOG_COMPILER_APPICON_NAME = AppIcon;
				ASSETCATALOG_COMPILER_GLOBAL_ACCENT_COLOR_NAME = AccentColor;
				CODE_SIGN_STYLE = Automatic;
				DEVELOPMENT_TEAM = 3P9KGAPYFK;
				INFOPLIST_FILE = YaWeather/Info.plist;
				LD_RUNPATH_SEARCH_PATHS = (
					"$(inherited)",
					"@executable_path/Frameworks",
				);
				PRODUCT_BUNDLE_IDENTIFIER = com.alextddc.YaWeather;
				PRODUCT_NAME = "$(TARGET_NAME)";
				SWIFT_VERSION = 5.0;
				TARGETED_DEVICE_FAMILY = 1;
			};
			name = Release;
		};
/* End XCBuildConfiguration section */

/* Begin XCConfigurationList section */
		509DD9CE25D14F0F00D7C743 /* Build configuration list for PBXProject "YaWeather" */ = {
			isa = XCConfigurationList;
			buildConfigurations = (
				509DD9E525D14F1200D7C743 /* Debug */,
				509DD9E625D14F1200D7C743 /* Release */,
			);
			defaultConfigurationIsVisible = 0;
			defaultConfigurationName = Release;
		};
		509DD9E725D14F1200D7C743 /* Build configuration list for PBXNativeTarget "YaWeather" */ = {
			isa = XCConfigurationList;
			buildConfigurations = (
				509DD9E825D14F1200D7C743 /* Debug */,
				509DD9E925D14F1200D7C743 /* Release */,
			);
			defaultConfigurationIsVisible = 0;
			defaultConfigurationName = Release;
		};
/* End XCConfigurationList section */
	};
	rootObject = 509DD9CB25D14F0F00D7C743 /* Project object */;
}
